
Microsoft Visual Studio Solution File, Format Version 12.00
# Visual Studio Version 17
VisualStudioVersion = 17.6.33829.357
MinimumVisualStudioVersion = 10.0.40219.1
Project("{FAE04EC0-301F-11D3-BF4B-00C04F79EFBC}") = "TPFinalNivel3OnoresMatias", "TPFinalNivel3OnoresMatias\TPFinalNivel3OnoresMatias.csproj", "{6A0A7587-CFF3-436C-9A3B-036BC2E3F545}"
EndProject
Global
	GlobalSection(SolutionConfigurationPlatforms) = preSolution
		Debug|Any CPU = Debug|Any CPU
		Release|Any CPU = Release|Any CPU
	EndGlobalSection
	GlobalSection(ProjectConfigurationPlatforms) = postSolution
		{6A0A7587-CFF3-436C-9A3B-036BC2E3F545}.Debug|Any CPU.ActiveCfg = Debug|Any CPU
		{6A0A7587-CFF3-436C-9A3B-036BC2E3F545}.Debug|Any CPU.Build.0 = Debug|Any CPU
		{6A0A7587-CFF3-436C-9A3B-036BC2E3F545}.Release|Any CPU.ActiveCfg = Release|Any CPU
		{6A0A7587-CFF3-436C-9A3B-036BC2E3F545}.Release|Any CPU.Build.0 = Release|Any CPU
	EndGlobalSection
	GlobalSection(SolutionProperties) = preSolution
		HideSolutionNode = FALSE
	EndGlobalSection
	GlobalSection(ExtensibilityGlobals) = postSolution
		SolutionGuid = {16BD7A18-0E0E-4025-A392-2461C0A07197}
	EndGlobalSection
EndGlobal
